
Microsoft Visual Studio Solution File, Format Version 12.00
# Visual Studio Version 17
VisualStudioVersion = 17.7.34202.233
MinimumVisualStudioVersion = 10.0.40219.1
Project("{2150E333-8FDC-42A3-9474-1A3956D46DE8}") = "src", "src", "{266F3161-30B9-4FC6-84EC-CC0F7F55237F}"
EndProject
Project("{2150E333-8FDC-42A3-9474-1A3956D46DE8}") = "tests", "tests", "{1B9143A4-2872-4140-B27A-CBE1BC86E316}"
EndProject
Project("{9A19103F-16F7-4668-BE54-9A1E7A4F7556}") = "Library.Domain", "src\Library.Domain\Library.Domain.csproj", "{7625E712-6250-47D8-A78F-9FEA632F8742}"
EndProject
Project("{9A19103F-16F7-4668-BE54-9A1E7A4F7556}") = "Library.Application", "src\Library.Application\Library.Application.csproj", "{0448E5DD-4643-4228-A79C-B32657E03866}"
EndProject
Project("{FAE04EC0-301F-11D3-BF4B-00C04F79EFBC}") = "Library.Infrastructure", "src\Library.Infrastructure\Library.Infrastructure.csproj", "{3DE5D11C-1078-4C63-BB5E-AAE016EB0D94}"
EndProject
Project("{FAE04EC0-301F-11D3-BF4B-00C04F79EFBC}") = "Library.API", "src\Library.API\Library.API.csproj", "{7583F608-2230-475A-A7DE-76EC9162E29C}"
EndProject
Global
	GlobalSection(SolutionConfigurationPlatforms) = preSolution
		Debug|Any CPU = Debug|Any CPU
		Release|Any CPU = Release|Any CPU
	EndGlobalSection
	GlobalSection(ProjectConfigurationPlatforms) = postSolution
		{7625E712-6250-47D8-A78F-9FEA632F8742}.Debug|Any CPU.ActiveCfg = Debug|Any CPU
		{7625E712-6250-47D8-A78F-9FEA632F8742}.Debug|Any CPU.Build.0 = Debug|Any CPU
		{7625E712-6250-47D8-A78F-9FEA632F8742}.Release|Any CPU.ActiveCfg = Release|Any CPU
		{7625E712-6250-47D8-A78F-9FEA632F8742}.Release|Any CPU.Build.0 = Release|Any CPU
		{0448E5DD-4643-4228-A79C-B32657E03866}.Debug|Any CPU.ActiveCfg = Debug|Any CPU
		{0448E5DD-4643-4228-A79C-B32657E03866}.Debug|Any CPU.Build.0 = Debug|Any CPU
		{0448E5DD-4643-4228-A79C-B32657E03866}.Release|Any CPU.ActiveCfg = Release|Any CPU
		{0448E5DD-4643-4228-A79C-B32657E03866}.Release|Any CPU.Build.0 = Release|Any CPU
		{3DE5D11C-1078-4C63-BB5E-AAE016EB0D94}.Debug|Any CPU.ActiveCfg = Debug|Any CPU
		{3DE5D11C-1078-4C63-BB5E-AAE016EB0D94}.Debug|Any CPU.Build.0 = Debug|Any CPU
		{3DE5D11C-1078-4C63-BB5E-AAE016EB0D94}.Release|Any CPU.ActiveCfg = Release|Any CPU
		{3DE5D11C-1078-4C63-BB5E-AAE016EB0D94}.Release|Any CPU.Build.0 = Release|Any CPU
		{7583F608-2230-475A-A7DE-76EC9162E29C}.Debug|Any CPU.ActiveCfg = Debug|Any CPU
		{7583F608-2230-475A-A7DE-76EC9162E29C}.Debug|Any CPU.Build.0 = Debug|Any CPU
		{7583F608-2230-475A-A7DE-76EC9162E29C}.Release|Any CPU.ActiveCfg = Release|Any CPU
		{7583F608-2230-475A-A7DE-76EC9162E29C}.Release|Any CPU.Build.0 = Release|Any CPU
	EndGlobalSection
	GlobalSection(SolutionProperties) = preSolution
		HideSolutionNode = FALSE
	EndGlobalSection
	GlobalSection(NestedProjects) = preSolution
		{7625E712-6250-47D8-A78F-9FEA632F8742} = {266F3161-30B9-4FC6-84EC-CC0F7F55237F}
		{0448E5DD-4643-4228-A79C-B32657E03866} = {266F3161-30B9-4FC6-84EC-CC0F7F55237F}
		{3DE5D11C-1078-4C63-BB5E-AAE016EB0D94} = {266F3161-30B9-4FC6-84EC-CC0F7F55237F}
		{7583F608-2230-475A-A7DE-76EC9162E29C} = {266F3161-30B9-4FC6-84EC-CC0F7F55237F}
	EndGlobalSection
	GlobalSection(ExtensibilityGlobals) = postSolution
		SolutionGuid = {CEABC44C-8B5D-4328-9F65-15F93DE3E983}
	EndGlobalSection
EndGlobal
